
Microsoft Visual Studio Solution File, Format Version 12.00
# Visual Studio Version 16
VisualStudioVersion = 16.0.31515.178
MinimumVisualStudioVersion = 10.0.40219.1
Project("{FAE04EC0-301F-11D3-BF4B-00C04F79EFBC}") = "ADO_NET_PRACTICE", "ADO_NET_PRACTICE\ADO_NET_PRACTICE.csproj", "{B5B458D7-C811-4282-877D-24F8C33A609E}"
EndProject
Global
	GlobalSection(SolutionConfigurationPlatforms) = preSolution
		Debug|Any CPU = Debug|Any CPU
		Release|Any CPU = Release|Any CPU
	EndGlobalSection
	GlobalSection(ProjectConfigurationPlatforms) = postSolution
		{B5B458D7-C811-4282-877D-24F8C33A609E}.Debug|Any CPU.ActiveCfg = Debug|Any CPU
		{B5B458D7-C811-4282-877D-24F8C33A609E}.Debug|Any CPU.Build.0 = Debug|Any CPU
		{B5B458D7-C811-4282-877D-24F8C33A609E}.Release|Any CPU.ActiveCfg = Release|Any CPU
		{B5B458D7-C811-4282-877D-24F8C33A609E}.Release|Any CPU.Build.0 = Release|Any CPU
	EndGlobalSection
	GlobalSection(SolutionProperties) = preSolution
		HideSolutionNode = FALSE
	EndGlobalSection
	GlobalSection(ExtensibilityGlobals) = postSolution
		SolutionGuid = {019BB584-55F7-4FFE-8492-8B345690702F}
	EndGlobalSection
EndGlobal
